// !$*UTF8*$!
{
	archiveVersion = 1;
	classes = {
	};
	objectVersion = 56;
	objects = {

/* Begin PBXBuildFile section */
		1508C8922B978A040022FABE /* AppDelegate.swift in Sources */ = {isa = PBXBuildFile; fileRef = 1508C8912B978A040022FABE /* AppDelegate.swift */; };
		1508C8942B978A040022FABE /* SceneDelegate.swift in Sources */ = {isa = PBXBuildFile; fileRef = 1508C8932B978A040022FABE /* SceneDelegate.swift */; };
		1508C8962B978A040022FABE /* ViewController.swift in Sources */ = {isa = PBXBuildFile; fileRef = 1508C8952B978A040022FABE /* ViewController.swift */; };
		1508C8992B978A040022FABE /* Main.storyboard in Resources */ = {isa = PBXBuildFile; fileRef = 1508C8972B978A040022FABE /* Main.storyboard */; };
		1508C89B2B978A050022FABE /* Assets.xcassets in Resources */ = {isa = PBXBuildFile; fileRef = 1508C89A2B978A050022FABE /* Assets.xcassets */; };
		1508C89E2B978A050022FABE /* LaunchScreen.storyboard in Resources */ = {isa = PBXBuildFile; fileRef = 1508C89C2B978A050022FABE /* LaunchScreen.storyboard */; };
		1508C8A62B97935F0022FABE /* PlayZone.swift in Sources */ = {isa = PBXBuildFile; fileRef = 1508C8A52B97935F0022FABE /* PlayZone.swift */; };
		152DBD642BACC89100904482 /* menuPlay.swift in Sources */ = {isa = PBXBuildFile; fileRef = 152DBD632BACC89100904482 /* menuPlay.swift */; };
/* End PBXBuildFile section */

/* Begin PBXFileReference section */
		1508C88E2B978A040022FABE /* Waffle! (Project in progress).app */ = {isa = PBXFileReference; explicitFileType = wrapper.application; includeInIndex = 0; path = "Waffle! (Project in progress).app"; sourceTree = BUILT_PRODUCTS_DIR; };
		1508C8912B978A040022FABE /* AppDelegate.swift */ = {isa = PBXFileReference; lastKnownFileType = sourcecode.swift; path = AppDelegate.swift; sourceTree = "<group>"; };
		1508C8932B978A040022FABE /* SceneDelegate.swift */ = {isa = PBXFileReference; lastKnownFileType = sourcecode.swift; path = SceneDelegate.swift; sourceTree = "<group>"; };
		1508C8952B978A040022FABE /* ViewController.swift */ = {isa = PBXFileReference; lastKnownFileType = sourcecode.swift; path = ViewController.swift; sourceTree = "<group>"; };
		1508C8982B978A040022FABE /* Base */ = {isa = PBXFileReference; lastKnownFileType = file.storyboard; name = Base; path = Base.lproj/Main.storyboard; sourceTree = "<group>"; };
		1508C89A2B978A050022FABE /* Assets.xcassets */ = {isa = PBXFileReference; lastKnownFileType = folder.assetcatalog; path = Assets.xcassets; sourceTree = "<group>"; };
		1508C89D2B978A050022FABE /* Base */ = {isa = PBXFileReference; lastKnownFileType = file.storyboard; name = Base; path = Base.lproj/LaunchScreen.storyboard; sourceTree = "<group>"; };
		1508C89F2B978A050022FABE /* Info.plist */ = {isa = PBXFileReference; lastKnownFileType = text.plist.xml; path = Info.plist; sourceTree = "<group>"; };
		1508C8A52B97935F0022FABE /* PlayZone.swift */ = {isa = PBXFileReference; lastKnownFileType = sourcecode.swift; path = PlayZone.swift; sourceTree = "<group>"; };
		152DBD632BACC89100904482 /* menuPlay.swift */ = {isa = PBXFileReference; lastKnownFileType = sourcecode.swift; path = menuPlay.swift; sourceTree = "<group>"; };
/* End PBXFileReference section */

/* Begin PBXFrameworksBuildPhase section */
		1508C88B2B978A040022FABE /* Frameworks */ = {
			isa = PBXFrameworksBuildPhase;
			buildActionMask = 2147483647;
			files = (
			);
			runOnlyForDeploymentPostprocessing = 0;
		};
/* End PBXFrameworksBuildPhase section */

/* Begin PBXGroup section */
		1508C8852B978A040022FABE = {
			isa = PBXGroup;
			children = (
				1508C8902B978A040022FABE /* Waffle! (Project in progress) */,
				1508C88F2B978A040022FABE /* Products */,
			);
			sourceTree = "<group>";
		};
		1508C88F2B978A040022FABE /* Products */ = {
			isa = PBXGroup;
			children = (
				1508C88E2B978A040022FABE /* Waffle! (Project in progress).app */,
			);
			name = Products;
			sourceTree = "<group>";
		};
		1508C8902B978A040022FABE /* Waffle! (Project in progress) */ = {
			isa = PBXGroup;
			children = (
				1508C8912B978A040022FABE /* AppDelegate.swift */,
				1508C8932B978A040022FABE /* SceneDelegate.swift */,
				1508C8952B978A040022FABE /* ViewController.swift */,
				1508C8A52B97935F0022FABE /* PlayZone.swift */,
				152DBD632BACC89100904482 /* menuPlay.swift */,
				1508C89C2B978A050022FABE /* LaunchScreen.storyboard */,
				1508C8972B978A040022FABE /* Main.storyboard */,
				1508C89A2B978A050022FABE /* Assets.xcassets */,
				1508C89F2B978A050022FABE /* Info.plist */,
			);
			path = "Waffle! (Project in progress)";
			sourceTree = "<group>";
		};
/* End PBXGroup section */

/* Begin PBXNativeTarget section */
		1508C88D2B978A040022FABE /* Waffle! (Project in progress) */ = {
			isa = PBXNativeTarget;
			buildConfigurationList = 1508C8A22B978A050022FABE /* Build configuration list for PBXNativeTarget "Waffle! (Project in progress)" */;
			buildPhases = (
				1508C88A2B978A040022FABE /* Sources */,
				1508C88B2B978A040022FABE /* Frameworks */,
				1508C88C2B978A040022FABE /* Resources */,
			);
			buildRules = (
			);
			dependencies = (
			);
			name = "Waffle! (Project in progress)";
			productName = "Waffle! (Project in progress)";
			productReference = 1508C88E2B978A040022FABE /* Waffle! (Project in progress).app */;
			productType = "com.apple.product-type.application";
		};
/* End PBXNativeTarget section */

/* Begin PBXProject section */
		1508C8862B978A040022FABE /* Project object */ = {
			isa = PBXProject;
			attributes = {
				BuildIndependentTargetsInParallel = 1;
				LastSwiftUpdateCheck = 1520;
				LastUpgradeCheck = 1520;
				TargetAttributes = {
					1508C88D2B978A040022FABE = {
						CreatedOnToolsVersion = 15.2;
					};
				};
			};
			buildConfigurationList = 1508C8892B978A040022FABE /* Build configuration list for PBXProject "Waffle! (Project in progress)" */;
			compatibilityVersion = "Xcode 14.0";
			developmentRegion = en;
			hasScannedForEncodings = 0;
			knownRegions = (
				en,
				Base,
			);
			mainGroup = 1508C8852B978A040022FABE;
			productRefGroup = 1508C88F2B978A040022FABE /* Products */;
			projectDirPath = "";
			projectRoot = "";
			targets = (
				1508C88D2B978A040022FABE /* Waffle! (Project in progress) */,
			);
		};
/* End PBXProject section */

/* Begin PBXResourcesBuildPhase section */
		1508C88C2B978A040022FABE /* Resources */ = {
			isa = PBXResourcesBuildPhase;
			buildActionMask = 2147483647;
			files = (
				1508C89E2B978A050022FABE /* LaunchScreen.storyboard in Resources */,
				1508C89B2B978A050022FABE /* Assets.xcassets in Resources */,
				1508C8992B978A040022FABE /* Main.storyboard in Resources */,
			);
			runOnlyForDeploymentPostprocessing = 0;
		};
/* End PBXResourcesBuildPhase section */

/* Begin PBXSourcesBuildPhase section */
		1508C88A2B978A040022FABE /* Sources */ = {
			isa = PBXSourcesBuildPhase;
			buildActionMask = 2147483647;
			files = (
				1508C8962B978A040022FABE /* ViewController.swift in Sources */,
				152DBD642BACC89100904482 /* menuPlay.swift in Sources */,
				1508C8922B978A040022FABE /* AppDelegate.swift in Sources */,
				1508C8942B978A040022FABE /* SceneDelegate.swift in Sources */,
				1508C8A62B97935F0022FABE /* PlayZone.swift in Sources */,
			);
			runOnlyForDeploymentPostprocessing = 0;
		};
/* End PBXSourcesBuildPhase section */

/* Begin PBXVariantGroup section */
		1508C8972B978A040022FABE /* Main.storyboard */ = {
			isa = PBXVariantGroup;
			children = (
				1508C8982B978A040022FABE /* Base */,
			);
			name = Main.storyboard;
			sourceTree = "<group>";
		};
		1508C89C2B978A050022FABE /* LaunchScreen.storyboard */ = {
			isa = PBXVariantGroup;
			children = (
				1508C89D2B978A050022FABE /* Base */,
			);
			name = LaunchScreen.storyboard;
			sourceTree = "<group>";
		};
/* End PBXVariantGroup section */

/* Begin XCBuildConfiguration section */
		1508C8A02B978A050022FABE /* Debug */ = {
			isa = XCBuildConfiguration;
			buildSettings = {
				ALWAYS_SEARCH_USER_PATHS = NO;
				ASSETCATALOG_COMPILER_GENERATE_SWIFT_ASSET_SYMBOL_EXTENSIONS = YES;
				CLANG_ANALYZER_NONNULL = YES;
				CLANG_ANALYZER_NUMBER_OBJECT_CONVERSION = YES_AGGRESSIVE;
				CLANG_CXX_LANGUAGE_STANDARD = "gnu++20";
				CLANG_ENABLE_MODULES = YES;
				CLANG_ENABLE_OBJC_ARC = YES;
				CLANG_ENABLE_OBJC_WEAK = YES;
				CLANG_WARN_BLOCK_CAPTURE_AUTORELEASING = YES;
				CLANG_WARN_BOOL_CONVERSION = YES;
				CLANG_WARN_COMMA = YES;
				CLANG_WARN_CONSTANT_CONVERSION = YES;
				CLANG_WARN_DEPRECATED_OBJC_IMPLEMENTATIONS = YES;
				CLANG_WARN_DIRECT_OBJC_ISA_USAGE = YES_ERROR;
				CLANG_WARN_DOCUMENTATION_COMMENTS = YES;
				CLANG_WARN_EMPTY_BODY = YES;
				CLANG_WARN_ENUM_CONVERSION = YES;
				CLANG_WARN_INFINITE_RECURSION = YES;
				CLANG_WARN_INT_CONVERSION = YES;
				CLANG_WARN_NON_LITERAL_NULL_CONVERSION = YES;
				CLANG_WARN_OBJC_IMPLICIT_RETAIN_SELF = YES;
				CLANG_WARN_OBJC_LITERAL_CONVERSION = YES;
				CLANG_WARN_OBJC_ROOT_CLASS = YES_ERROR;
				CLANG_WARN_QUOTED_INCLUDE_IN_FRAMEWORK_HEADER = YES;
				CLANG_WARN_RANGE_LOOP_ANALYSIS = YES;
				CLANG_WARN_STRICT_PROTOTYPES = YES;
				CLANG_WARN_SUSPICIOUS_MOVE = YES;
				CLANG_WARN_UNGUARDED_AVAILABILITY = YES_AGGRESSIVE;
				CLANG_WARN_UNREACHABLE_CODE = YES;
				CLANG_WARN__DUPLICATE_METHOD_MATCH = YES;
				COPY_PHASE_STRIP = NO;
				DEBUG_INFORMATION_FORMAT = dwarf;
				ENABLE_STRICT_OBJC_MSGSEND = YES;
				ENABLE_TESTABILITY = YES;
				ENABLE_USER_SCRIPT_SANDBOXING = YES;
				GCC_C_LANGUAGE_STANDARD = gnu17;
				GCC_DYNAMIC_NO_PIC = NO;
				GCC_NO_COMMON_BLOCKS = YES;
				GCC_OPTIMIZATION_LEVEL = 0;
				GCC_PREPROCESSOR_DEFINITIONS = (
					"DEBUG=1",
					"$(inherited)",
				);
				GCC_WARN_64_TO_32_BIT_CONVERSION = YES;
				GCC_WARN_ABOUT_RETURN_TYPE = YES_ERROR;
				GCC_WARN_UNDECLARED_SELECTOR = YES;
				GCC_WARN_UNINITIALIZED_AUTOS = YES_AGGRESSIVE;
				GCC_WARN_UNUSED_FUNCTION = YES;
				GCC_WARN_UNUSED_VARIABLE = YES;
				IPHONEOS_DEPLOYMENT_TARGET = 17.2;
				LOCALIZATION_PREFERS_STRING_CATALOGS = YES;
				MTL_ENABLE_DEBUG_INFO = INCLUDE_SOURCE;
				MTL_FAST_MATH = YES;
				ONLY_ACTIVE_ARCH = YES;
				SDKROOT = iphoneos;
				SWIFT_ACTIVE_COMPILATION_CONDITIONS = "DEBUG $(inherited)";
				SWIFT_OPTIMIZATION_LEVEL = "-Onone";
			};
			name = Debug;
		};
		1508C8A12B978A050022FABE /* Release */ = {
			isa = XCBuildConfiguration;
			buildSettings = {
				ALWAYS_SEARCH_USER_PATHS = NO;
				ASSETCATALOG_COMPILER_GENERATE_SWIFT_ASSET_SYMBOL_EXTENSIONS = YES;
				CLANG_ANALYZER_NONNULL = YES;
				CLANG_ANALYZER_NUMBER_OBJECT_CONVERSION = YES_AGGRESSIVE;
				CLANG_CXX_LANGUAGE_STANDARD = "gnu++20";
				CLANG_ENABLE_MODULES = YES;
				CLANG_ENABLE_OBJC_ARC = YES;
				CLANG_ENABLE_OBJC_WEAK = YES;
				CLANG_WARN_BLOCK_CAPTURE_AUTORELEASING = YES;
				CLANG_WARN_BOOL_CONVERSION = YES;
				CLANG_WARN_COMMA = YES;
				CLANG_WARN_CONSTANT_CONVERSION = YES;
				CLANG_WARN_DEPRECATED_OBJC_IMPLEMENTATIONS = YES;
				CLANG_WARN_DIRECT_OBJC_ISA_USAGE = YES_ERROR;
				CLANG_WARN_DOCUMENTATION_COMMENTS = YES;
				CLANG_WARN_EMPTY_BODY = YES;
				CLANG_WARN_ENUM_CONVERSION = YES;
				CLANG_WARN_INFINITE_RECURSION = YES;
				CLANG_WARN_INT_CONVERSION = YES;
				CLANG_WARN_NON_LITERAL_NULL_CONVERSION = YES;
				CLANG_WARN_OBJC_IMPLICIT_RETAIN_SELF = YES;
				CLANG_WARN_OBJC_LITERAL_CONVERSION = YES;
				CLANG_WARN_OBJC_ROOT_CLASS = YES_ERROR;
				CLANG_WARN_QUOTED_INCLUDE_IN_FRAMEWORK_HEADER = YES;
				CLANG_WARN_RANGE_LOOP_ANALYSIS = YES;
				CLANG_WARN_STRICT_PROTOTYPES = YES;
				CLANG_WARN_SUSPICIOUS_MOVE = YES;
				CLANG_WARN_UNGUARDED_AVAILABILITY = YES_AGGRESSIVE;
				CLANG_WARN_UNREACHABLE_CODE = YES;
				CLANG_WARN__DUPLICATE_METHOD_MATCH = YES;
				COPY_PHASE_STRIP = NO;
				DEBUG_INFORMATION_FORMAT = "dwarf-with-dsym";
				ENABLE_NS_ASSERTIONS = NO;
				ENABLE_STRICT_OBJC_MSGSEND = YES;
				ENABLE_USER_SCRIPT_SANDBOXING = YES;
				GCC_C_LANGUAGE_STANDARD = gnu17;
				GCC_NO_COMMON_BLOCKS = YES;
				GCC_WARN_64_TO_32_BIT_CONVERSION = YES;
				GCC_WARN_ABOUT_RETURN_TYPE = YES_ERROR;
				GCC_WARN_UNDECLARED_SELECTOR = YES;
				GCC_WARN_UNINITIALIZED_AUTOS = YES_AGGRESSIVE;
				GCC_WARN_UNUSED_FUNCTION = YES;
				GCC_WARN_UNUSED_VARIABLE = YES;
				IPHONEOS_DEPLOYMENT_TARGET = 17.2;
				LOCALIZATION_PREFERS_STRING_CATALOGS = YES;
				MTL_ENABLE_DEBUG_INFO = NO;
				MTL_FAST_MATH = YES;
				SDKROOT = iphoneos;
				SWIFT_COMPILATION_MODE = wholemodule;
				VALIDATE_PRODUCT = YES;
			};
			name = Release;
		};
		1508C8A32B978A050022FABE /* Debug */ = {
			isa = XCBuildConfiguration;
			buildSettings = {
				ASSETCATALOG_COMPILER_APPICON_NAME = AppIcon;
				ASSETCATALOG_COMPILER_GLOBAL_ACCENT_COLOR_NAME = AccentColor;
				CODE_SIGN_IDENTITY = "Apple Development";
				CODE_SIGN_STYLE = Automatic;
				CURRENT_PROJECT_VERSION = 1;
				DEVELOPMENT_TEAM = W47PP4T637;
				GENERATE_INFOPLIST_FILE = YES;
				INFOPLIST_FILE = "Waffle! (Project in progress)/Info.plist";
				INFOPLIST_KEY_UIApplicationSupportsIndirectInputEvents = YES;
				INFOPLIST_KEY_UILaunchStoryboardName = LaunchScreen;
				INFOPLIST_KEY_UIMainStoryboardFile = Main;
				INFOPLIST_KEY_UISupportedInterfaceOrientations_iPad = "UIInterfaceOrientationPortrait UIInterfaceOrientationPortraitUpsideDown UIInterfaceOrientationLandscapeLeft UIInterfaceOrientationLandscapeRight";
				INFOPLIST_KEY_UISupportedInterfaceOrientations_iPhone = "UIInterfaceOrientationPortrait UIInterfaceOrientationLandscapeLeft UIInterfaceOrientationLandscapeRight";
				IPHONEOS_DEPLOYMENT_TARGET = 17.0;
				LD_RUNPATH_SEARCH_PATHS = (
					"$(inherited)",
					"@executable_path/Frameworks",
				);
				MARKETING_VERSION = 1.0;
				PRODUCT_BUNDLE_IDENTIFIER = "woullocke.Waffle---Project-in-progress-";
				PRODUCT_NAME = "$(TARGET_NAME)";
				PROVISIONING_PROFILE_SPECIFIER = "";
				SWIFT_EMIT_LOC_STRINGS = YES;
				SWIFT_VERSION = 5.0;
				TARGETED_DEVICE_FAMILY = "1,2";
			};
			name = Debug;
		};
		1508C8A42B978A050022FABE /* Release */ = {
			isa = XCBuildConfiguration;
			buildSettings = {
				ASSETCATALOG_COMPILER_APPICON_NAME = AppIcon;
				ASSETCATALOG_COMPILER_GLOBAL_ACCENT_COLOR_NAME = AccentColor;
				CODE_SIGN_IDENTITY = "Apple Development";
				CODE_SIGN_STYLE = Automatic;
				CURRENT_PROJECT_VERSION = 1;
				DEVELOPMENT_TEAM = W47PP4T637;
				GENERATE_INFOPLIST_FILE = YES;
				INFOPLIST_FILE = "Waffle! (Project in progress)/Info.plist";
				INFOPLIST_KEY_UIApplicationSupportsIndirectInputEvents = YES;
				INFOPLIST_KEY_UILaunchStoryboardName = LaunchScreen;
				INFOPLIST_KEY_UIMainStoryboardFile = Main;
				INFOPLIST_KEY_UISupportedInterfaceOrientations_iPad = "UIInterfaceOrientationPortrait UIInterfaceOrientationPortraitUpsideDown UIInterfaceOrientationLandscapeLeft UIInterfaceOrientationLandscapeRight";
				INFOPLIST_KEY_UISupportedInterfaceOrientations_iPhone = "UIInterfaceOrientationPortrait UIInterfaceOrientationLandscapeLeft UIInterfaceOrientationLandscapeRight";
				IPHONEOS_DEPLOYMENT_TARGET = 17.0;
				LD_RUNPATH_SEARCH_PATHS = (
					"$(inherited)",
					"@executable_path/Frameworks",
				);
				MARKETING_VERSION = 1.0;
				PRODUCT_BUNDLE_IDENTIFIER = "woullocke.Waffle---Project-in-progress-";
				PRODUCT_NAME = "$(TARGET_NAME)";
				PROVISIONING_PROFILE_SPECIFIER = "";
				SWIFT_EMIT_LOC_STRINGS = YES;
				SWIFT_VERSION = 5.0;
				TARGETED_DEVICE_FAMILY = "1,2";
			};
			name = Release;
		};
/* End XCBuildConfiguration section */

/* Begin XCConfigurationList section */
		1508C8892B978A040022FABE /* Build configuration list for PBXProject "Waffle! (Project in progress)" */ = {
			isa = XCConfigurationList;
			buildConfigurations = (
				1508C8A02B978A050022FABE /* Debug */,
				1508C8A12B978A050022FABE /* Release */,
			);
			defaultConfigurationIsVisible = 0;
			defaultConfigurationName = Release;
		};
		1508C8A22B978A050022FABE /* Build configuration list for PBXNativeTarget "Waffle! (Project in progress)" */ = {
			isa = XCConfigurationList;
			buildConfigurations = (
				1508C8A32B978A050022FABE /* Debug */,
				1508C8A42B978A050022FABE /* Release */,
			);
			defaultConfigurationIsVisible = 0;
			defaultConfigurationName = Release;
		};
/* End XCConfigurationList section */
	};
	rootObject = 1508C8862B978A040022FABE /* Project object */;
}
